PODS:
  - MNSwiftKit/AssetPicker (0.1.0):
    - MNSwiftKit/Definition
    - MNSwiftKit/EmptyView
    - MNSwiftKit/Exporter
    - MNSwiftKit/Layout
    - MNSwiftKit/Player
    - MNSwiftKit/Refresh
    - MNSwiftKit/Toast
    - MNSwiftKit/UI
  - MNSwiftKit/Definition (0.1.0)
  - MNSwiftKit/EmptyView (0.1.0)
  - MNSwiftKit/Exporter (0.1.0)
  - MNSwiftKit/Extension (0.1.0)
  - MNSwiftKit/Layout (0.1.0)
  - MNSwiftKit/Player (0.1.0)
  - MNSwiftKit/Refresh (0.1.0)
  - MNSwiftKit/Toast (0.1.0)
  - MNSwiftKit/UI (0.1.0):
    - MNSwiftKit/Extension
    - MNSwiftKit/Layout

DEPENDENCIES:
  - MNSwiftKit/AssetPicker (from `../`)

EXTERNAL SOURCES:
  MNSwiftKit:
    :path: "../"

SPEC CHECKSUMS:
  MNSwiftKit: f5bda492cb2920e07c39378859318d97025d57c0

PODFILE CHECKSUM: d0d97253bb94e4d600ea1b9b60fcc95cc913299c

COCOAPODS: 1.16.2
