PODS:
  - MNSwiftKit/Layout (0.1.0)
  - MNSwiftKit/Purchase (0.1.0)

DEPENDENCIES:
  - MNSwiftKit/Layout (from `../`)
  - MNSwiftKit/Purchase (from `../`)

EXTERNAL SOURCES:
  MNSwiftKit:
    :path: "../"

SPEC CHECKSUMS:
  MNSwiftKit: 999a9bd4a466710747f8de3fc443ba50765a7cae

PODFILE CHECKSUM: 05905d145516920d50bcd0c54f958aa8dc182496

COCOAPODS: 1.16.2
